
Microsoft Visual Studio Solution File, Format Version 12.00
# Visual Studio Version 17
VisualStudioVersion = 17.11.35303.130
MinimumVisualStudioVersion = 10.0.40219.1
Project("{2150E333-8FDC-42A3-9474-1A3956D46DE8}") = "Task0", "Task0", "{B82412F3-1064-4B78-9BAB-7C121650918F}"
EndProject
Project("{9A19103F-16F7-4668-BE54-9A1E7A4F7556}") = "Tyuiu.NovikovAA.Sprint3.Task0.V1", "Tyuiu.NovikovAA.Sprint3.Task0.V1\Tyuiu.NovikovAA.Sprint3.Task0.V1.csproj", "{48E225D7-071E-491E-B9C0-319404E3C532}"
EndProject
Project("{9A19103F-16F7-4668-BE54-9A1E7A4F7556}") = "Tyuiu.NovikovAA.Sprint3.Task0.V1.Lib", "Tyuiu.NovikovAA.Sprint3.Task0.V1.Lib\Tyuiu.NovikovAA.Sprint3.Task0.V1.Lib.csproj", "{0F8C4CEA-039C-44AA-9F47-AFEE88D3CC9C}"
EndProject
Project("{9A19103F-16F7-4668-BE54-9A1E7A4F7556}") = "Tyuiu.NovikovAA.Sprint3.Task0.V1.Test", "Tyuiu.NovikovAA.Sprint3.Task0.V1.Test\Tyuiu.NovikovAA.Sprint3.Task0.V1.Test.csproj", "{3C6F0373-D22D-4B35-9846-C5836FB0B9A4}"
EndProject
Project("{2150E333-8FDC-42A3-9474-1A3956D46DE8}") = "Task1", "Task1", "{804B7AFA-8699-46E1-BE40-DEF09CBAAB45}"
EndProject
Project("{9A19103F-16F7-4668-BE54-9A1E7A4F7556}") = "Tyuiu.NovikovAA.Sprint3.Task1.V21", "Tyuiu.NovikovAA.Sprint3.Task1.V21\Tyuiu.NovikovAA.Sprint3.Task1.V21.csproj", "{6A3E58F4-CC02-4DBE-A736-12CBA87D6A20}"
EndProject
Project("{9A19103F-16F7-4668-BE54-9A1E7A4F7556}") = "Tyuiu.NovikovAA.Sprint3.Task1.V21.Lib", "Tyuiu.NovikovAA.Sprint3.Task1.V21.Lib\Tyuiu.NovikovAA.Sprint3.Task1.V21.Lib.csproj", "{7E339996-71EC-4061-946C-493E8B7F8637}"
EndProject
Project("{9A19103F-16F7-4668-BE54-9A1E7A4F7556}") = "Tyuiu.NovikovAA.Sprint3.Task1.V21.Test", "Tyuiu.NovikovAA.Sprint3.Task1.V21.Test\Tyuiu.NovikovAA.Sprint3.Task1.V21.Test.csproj", "{96AAA8E5-1459-489B-839C-547B84F82D10}"
EndProject
Project("{2150E333-8FDC-42A3-9474-1A3956D46DE8}") = "Task2", "Task2", "{E7B7E35D-B2BD-4439-B2E6-80DCF551A9EC}"
EndProject
Project("{9A19103F-16F7-4668-BE54-9A1E7A4F7556}") = "Tyuiu.NovikovAA.Sprint3.Task2.V21", "Tyuiu.NovikovAA.Sprint3.Task2.V21\Tyuiu.NovikovAA.Sprint3.Task2.V21.csproj", "{9A2E0448-9D47-42CA-A86C-9AF888C31D22}"
EndProject
Project("{9A19103F-16F7-4668-BE54-9A1E7A4F7556}") = "Tyuiu.NovikovAA.Sprint3.Task2.V21.Lib", "Tyuiu.NovikovAA.Sprint3.Task2.V21.Lib\Tyuiu.NovikovAA.Sprint3.Task2.V21.Lib.csproj", "{4C8EFD66-6D7E-4939-B6A8-5FD9B78344A6}"
EndProject
Project("{9A19103F-16F7-4668-BE54-9A1E7A4F7556}") = "Tyuiu.NovikovAA.Sprint3.Task2.V21.Test", "Tyuiu.NovikovAA.Sprint3.Task2.V21.Test\Tyuiu.NovikovAA.Sprint3.Task2.V21.Test.csproj", "{28A1059D-B35E-419E-9982-AADFBD1CBC9F}"
EndProject
Project("{2150E333-8FDC-42A3-9474-1A3956D46DE8}") = "Task3", "Task3", "{DCA03CE2-A128-405E-B432-097E0CD3025C}"
EndProject
Project("{9A19103F-16F7-4668-BE54-9A1E7A4F7556}") = "Tyuiu.NovikovAA.Sprint3.Task3.V21", "Tyuiu.NovikovAA.Sprint3.Task3.V21\Tyuiu.NovikovAA.Sprint3.Task3.V21.csproj", "{89B18F9E-8699-4413-8DEC-F2305D527A5B}"
EndProject
Project("{9A19103F-16F7-4668-BE54-9A1E7A4F7556}") = "Tyuiu.NovikovAA.Sprint3.Task3.V21.Lib", "Tyuiu.NovikovAA.Sprint3.Task3.V21.Lib\Tyuiu.NovikovAA.Sprint3.Task3.V21.Lib.csproj", "{E835C7AA-38DF-4C5A-B7E9-91C11B38A895}"
EndProject
Project("{9A19103F-16F7-4668-BE54-9A1E7A4F7556}") = "Tyuiu.NovikovAA.Sprint3.Task3.V21.Test", "Tyuiu.NovikovAA.Sprint3.Task3.V21.Test\Tyuiu.NovikovAA.Sprint3.Task3.V21.Test.csproj", "{398C7877-428F-4541-B274-ACEBE845DEA6}"
EndProject
Project("{2150E333-8FDC-42A3-9474-1A3956D46DE8}") = "Task4", "Task4", "{5A888BF3-4ED8-484A-915D-0E6EFE762F17}"
EndProject
Project("{9A19103F-16F7-4668-BE54-9A1E7A4F7556}") = "Tyuiu.NovikovAA.Sprint3.Task4.V12", "Tyuiu.NovikovAA.Sprint3.Task4.V12\Tyuiu.NovikovAA.Sprint3.Task4.V12.csproj", "{04EBE761-855C-4977-887C-A380D9A6293A}"
EndProject
Project("{9A19103F-16F7-4668-BE54-9A1E7A4F7556}") = "Tyuiu.NovikovAA.Sprint3.Task4.V12.Lib", "Tyuiu.NovikovAA.Sprint3.Task4.V12.Lib\Tyuiu.NovikovAA.Sprint3.Task4.V12.Lib.csproj", "{12EA7548-5060-431D-B8D0-EDB8C98B4B13}"
EndProject
Project("{9A19103F-16F7-4668-BE54-9A1E7A4F7556}") = "Tyuiu.NovikovAA.Sprint3.Task4.V12.Test", "Tyuiu.NovikovAA.Sprint3.Task4.V12.Test\Tyuiu.NovikovAA.Sprint3.Task4.V12.Test.csproj", "{439756A7-EFA3-4467-8F4B-FBFEA4E05DCD}"
EndProject
Project("{2150E333-8FDC-42A3-9474-1A3956D46DE8}") = "Task5", "Task5", "{356FF1BE-E40C-4658-ACF5-06F4287D4444}"
EndProject
Project("{9A19103F-16F7-4668-BE54-9A1E7A4F7556}") = "Tyuiu.NovikovAA.Sprint3.Task5.V7", "Tyuiu.NovikovAA.Sprint3.Task5.V7\Tyuiu.NovikovAA.Sprint3.Task5.V7.csproj", "{59E72D77-4235-4381-85BF-362303D23059}"
EndProject
Project("{9A19103F-16F7-4668-BE54-9A1E7A4F7556}") = "Tyuiu.NovikovAA.Sprint3.Task5.V7.Lib", "Tyuiu.NovikovAA.Sprint3.Task5.V7.Lib\Tyuiu.NovikovAA.Sprint3.Task5.V7.Lib.csproj", "{1E17251A-CD0B-4E99-A2C4-054A45838021}"
EndProject
Project("{9A19103F-16F7-4668-BE54-9A1E7A4F7556}") = "Tyuiu.NovikovAA.Sprint3.Task5.V7.Test", "Tyuiu.NovikovAA.Sprint3.Task5.V7.Test\Tyuiu.NovikovAA.Sprint3.Task5.V7.Test.csproj", "{FFB07D08-8A55-4469-9F78-591A86C2073E}"
EndProject
Project("{2150E333-8FDC-42A3-9474-1A3956D46DE8}") = "Task6", "Task6", "{88BD4EAD-FE53-4008-892E-3F228C59D9DE}"
EndProject
Project("{9A19103F-16F7-4668-BE54-9A1E7A4F7556}") = "Tyuiu.NovikovAA.Sprint3.Task6.V17", "Tyuiu.NovikovAA.Sprint3.Task6.V17\Tyuiu.NovikovAA.Sprint3.Task6.V17.csproj", "{96324F2F-A7C8-4624-9ECE-3C977882D0AA}"
EndProject
Project("{9A19103F-16F7-4668-BE54-9A1E7A4F7556}") = "Tyuiu.NovikovAA.Sprint3.Task6.V17.Lib", "Tyuiu.NovikovAA.Sprint3.Task6.V17.Lib\Tyuiu.NovikovAA.Sprint3.Task6.V17.Lib.csproj", "{3E48337A-8704-4D12-B980-8C98738647B0}"
EndProject
Project("{9A19103F-16F7-4668-BE54-9A1E7A4F7556}") = "Tyuiu.NovikovAA.Sprint3.Task6.V17.Test", "Tyuiu.NovikovAA.Sprint3.Task6.V17.Test\Tyuiu.NovikovAA.Sprint3.Task6.V17.Test.csproj", "{0FCF0FCA-325F-48D2-B6D4-39F92E0425E2}"
EndProject
Project("{2150E333-8FDC-42A3-9474-1A3956D46DE8}") = "Task7", "Task7", "{AB6AE44D-EFFA-4CDA-9EA1-622DC7E92099}"
EndProject
Project("{FAE04EC0-301F-11D3-BF4B-00C04F79EFBC}") = "Tyuiu.NovikovAA.Sprint3.Task7.V13", "Tyuiu.NovikovAA.Sprint3.Task7.V13\Tyuiu.NovikovAA.Sprint3.Task7.V13.csproj", "{9A3EE296-6826-4800-A7E5-E9BC06587561}"
EndProject
Project("{FAE04EC0-301F-11D3-BF4B-00C04F79EFBC}") = "Tyuiu.NovikovAA.Sprint3.Task7.V13.Lib", "Tyuiu.NovikovAA.Sprint3.Task7.V13.Lib\Tyuiu.NovikovAA.Sprint3.Task7.V13.Lib.csproj", "{34D1F6F4-8119-4A8C-846A-80ABE0109F21}"
EndProject
Project("{FAE04EC0-301F-11D3-BF4B-00C04F79EFBC}") = "Tyuiu.NovikovAA.Sprint3.Task7.V13.Test", "Tyuiu.NovikovAA.Sprint3.Task7.V13.Test\Tyuiu.NovikovAA.Sprint3.Task7.V13.Test.csproj", "{46AF4F1B-EF9C-40FA-AA77-745D9E721B39}"
EndProject
Global
	GlobalSection(SolutionConfigurationPlatforms) = preSolution
		Debug|Any CPU = Debug|Any CPU
		Release|Any CPU = Release|Any CPU
	EndGlobalSection
	GlobalSection(ProjectConfigurationPlatforms) = postSolution
		{48E225D7-071E-491E-B9C0-319404E3C532}.Debug|Any CPU.ActiveCfg = Debug|Any CPU
		{48E225D7-071E-491E-B9C0-319404E3C532}.Debug|Any CPU.Build.0 = Debug|Any CPU
		{48E225D7-071E-491E-B9C0-319404E3C532}.Release|Any CPU.ActiveCfg = Release|Any CPU
		{48E225D7-071E-491E-B9C0-319404E3C532}.Release|Any CPU.Build.0 = Release|Any CPU
		{0F8C4CEA-039C-44AA-9F47-AFEE88D3CC9C}.Debug|Any CPU.ActiveCfg = Debug|Any CPU
		{0F8C4CEA-039C-44AA-9F47-AFEE88D3CC9C}.Debug|Any CPU.Build.0 = Debug|Any CPU
		{0F8C4CEA-039C-44AA-9F47-AFEE88D3CC9C}.Release|Any CPU.ActiveCfg = Release|Any CPU
		{0F8C4CEA-039C-44AA-9F47-AFEE88D3CC9C}.Release|Any CPU.Build.0 = Release|Any CPU
		{3C6F0373-D22D-4B35-9846-C5836FB0B9A4}.Debug|Any CPU.ActiveCfg = Debug|Any CPU
		{3C6F0373-D22D-4B35-9846-C5836FB0B9A4}.Debug|Any CPU.Build.0 = Debug|Any CPU
		{3C6F0373-D22D-4B35-9846-C5836FB0B9A4}.Release|Any CPU.ActiveCfg = Release|Any CPU
		{3C6F0373-D22D-4B35-9846-C5836FB0B9A4}.Release|Any CPU.Build.0 = Release|Any CPU
		{6A3E58F4-CC02-4DBE-A736-12CBA87D6A20}.Debug|Any CPU.ActiveCfg = Debug|Any CPU
		{6A3E58F4-CC02-4DBE-A736-12CBA87D6A20}.Debug|Any CPU.Build.0 = Debug|Any CPU
		{6A3E58F4-CC02-4DBE-A736-12CBA87D6A20}.Release|Any CPU.ActiveCfg = Release|Any CPU
		{6A3E58F4-CC02-4DBE-A736-12CBA87D6A20}.Release|Any CPU.Build.0 = Release|Any CPU
		{7E339996-71EC-4061-946C-493E8B7F8637}.Debug|Any CPU.ActiveCfg = Debug|Any CPU
		{7E339996-71EC-4061-946C-493E8B7F8637}.Debug|Any CPU.Build.0 = Debug|Any CPU
		{7E339996-71EC-4061-946C-493E8B7F8637}.Release|Any CPU.ActiveCfg = Release|Any CPU
		{7E339996-71EC-4061-946C-493E8B7F8637}.Release|Any CPU.Build.0 = Release|Any CPU
		{96AAA8E5-1459-489B-839C-547B84F82D10}.Debug|Any CPU.ActiveCfg = Debug|Any CPU
		{96AAA8E5-1459-489B-839C-547B84F82D10}.Debug|Any CPU.Build.0 = Debug|Any CPU
		{96AAA8E5-1459-489B-839C-547B84F82D10}.Release|Any CPU.ActiveCfg = Release|Any CPU
		{96AAA8E5-1459-489B-839C-547B84F82D10}.Release|Any CPU.Build.0 = Release|Any CPU
		{9A2E0448-9D47-42CA-A86C-9AF888C31D22}.Debug|Any CPU.ActiveCfg = Debug|Any CPU
		{9A2E0448-9D47-42CA-A86C-9AF888C31D22}.Debug|Any CPU.Build.0 = Debug|Any CPU
		{9A2E0448-9D47-42CA-A86C-9AF888C31D22}.Release|Any CPU.ActiveCfg = Release|Any CPU
		{9A2E0448-9D47-42CA-A86C-9AF888C31D22}.Release|Any CPU.Build.0 = Release|Any CPU
		{4C8EFD66-6D7E-4939-B6A8-5FD9B78344A6}.Debug|Any CPU.ActiveCfg = Debug|Any CPU
		{4C8EFD66-6D7E-4939-B6A8-5FD9B78344A6}.Debug|Any CPU.Build.0 = Debug|Any CPU
		{4C8EFD66-6D7E-4939-B6A8-5FD9B78344A6}.Release|Any CPU.ActiveCfg = Release|Any CPU
		{4C8EFD66-6D7E-4939-B6A8-5FD9B78344A6}.Release|Any CPU.Build.0 = Release|Any CPU
		{28A1059D-B35E-419E-9982-AADFBD1CBC9F}.Debug|Any CPU.ActiveCfg = Debug|Any CPU
		{28A1059D-B35E-419E-9982-AADFBD1CBC9F}.Debug|Any CPU.Build.0 = Debug|Any CPU
		{28A1059D-B35E-419E-9982-AADFBD1CBC9F}.Release|Any CPU.ActiveCfg = Release|Any CPU
		{28A1059D-B35E-419E-9982-AADFBD1CBC9F}.Release|Any CPU.Build.0 = Release|Any CPU
		{89B18F9E-8699-4413-8DEC-F2305D527A5B}.Debug|Any CPU.ActiveCfg = Debug|Any CPU
		{89B18F9E-8699-4413-8DEC-F2305D527A5B}.Debug|Any CPU.Build.0 = Debug|Any CPU
		{89B18F9E-8699-4413-8DEC-F2305D527A5B}.Release|Any CPU.ActiveCfg = Release|Any CPU
		{89B18F9E-8699-4413-8DEC-F2305D527A5B}.Release|Any CPU.Build.0 = Release|Any CPU
		{E835C7AA-38DF-4C5A-B7E9-91C11B38A895}.Debug|Any CPU.ActiveCfg = Debug|Any CPU
		{E835C7AA-38DF-4C5A-B7E9-91C11B38A895}.Debug|Any CPU.Build.0 = Debug|Any CPU
		{E835C7AA-38DF-4C5A-B7E9-91C11B38A895}.Release|Any CPU.ActiveCfg = Release|Any CPU
		{E835C7AA-38DF-4C5A-B7E9-91C11B38A895}.Release|Any CPU.Build.0 = Release|Any CPU
		{398C7877-428F-4541-B274-ACEBE845DEA6}.Debug|Any CPU.ActiveCfg = Debug|Any CPU
		{398C7877-428F-4541-B274-ACEBE845DEA6}.Debug|Any CPU.Build.0 = Debug|Any CPU
		{398C7877-428F-4541-B274-ACEBE845DEA6}.Release|Any CPU.ActiveCfg = Release|Any CPU
		{398C7877-428F-4541-B274-ACEBE845DEA6}.Release|Any CPU.Build.0 = Release|Any CPU
		{04EBE761-855C-4977-887C-A380D9A6293A}.Debug|Any CPU.ActiveCfg = Debug|Any CPU
		{04EBE761-855C-4977-887C-A380D9A6293A}.Debug|Any CPU.Build.0 = Debug|Any CPU
		{04EBE761-855C-4977-887C-A380D9A6293A}.Release|Any CPU.ActiveCfg = Release|Any CPU
		{04EBE761-855C-4977-887C-A380D9A6293A}.Release|Any CPU.Build.0 = Release|Any CPU
		{12EA7548-5060-431D-B8D0-EDB8C98B4B13}.Debug|Any CPU.ActiveCfg = Debug|Any CPU
		{12EA7548-5060-431D-B8D0-EDB8C98B4B13}.Debug|Any CPU.Build.0 = Debug|Any CPU
		{12EA7548-5060-431D-B8D0-EDB8C98B4B13}.Release|Any CPU.ActiveCfg = Release|Any CPU
		{12EA7548-5060-431D-B8D0-EDB8C98B4B13}.Release|Any CPU.Build.0 = Release|Any CPU
		{439756A7-EFA3-4467-8F4B-FBFEA4E05DCD}.Debug|Any CPU.ActiveCfg = Debug|Any CPU
		{439756A7-EFA3-4467-8F4B-FBFEA4E05DCD}.Debug|Any CPU.Build.0 = Debug|Any CPU
		{439756A7-EFA3-4467-8F4B-FBFEA4E05DCD}.Release|Any CPU.ActiveCfg = Release|Any CPU
		{439756A7-EFA3-4467-8F4B-FBFEA4E05DCD}.Release|Any CPU.Build.0 = Release|Any CPU
		{59E72D77-4235-4381-85BF-362303D23059}.Debug|Any CPU.ActiveCfg = Debug|Any CPU
		{59E72D77-4235-4381-85BF-362303D23059}.Debug|Any CPU.Build.0 = Debug|Any CPU
		{59E72D77-4235-4381-85BF-362303D23059}.Release|Any CPU.ActiveCfg = Release|Any CPU
		{59E72D77-4235-4381-85BF-362303D23059}.Release|Any CPU.Build.0 = Release|Any CPU
		{1E17251A-CD0B-4E99-A2C4-054A45838021}.Debug|Any CPU.ActiveCfg = Debug|Any CPU
		{1E17251A-CD0B-4E99-A2C4-054A45838021}.Debug|Any CPU.Build.0 = Debug|Any CPU
		{1E17251A-CD0B-4E99-A2C4-054A45838021}.Release|Any CPU.ActiveCfg = Release|Any CPU
		{1E17251A-CD0B-4E99-A2C4-054A45838021}.Release|Any CPU.Build.0 = Release|Any CPU
		{FFB07D08-8A55-4469-9F78-591A86C2073E}.Debug|Any CPU.ActiveCfg = Debug|Any CPU
		{FFB07D08-8A55-4469-9F78-591A86C2073E}.Debug|Any CPU.Build.0 = Debug|Any CPU
		{FFB07D08-8A55-4469-9F78-591A86C2073E}.Release|Any CPU.ActiveCfg = Release|Any CPU
		{FFB07D08-8A55-4469-9F78-591A86C2073E}.Release|Any CPU.Build.0 = Release|Any CPU
		{96324F2F-A7C8-4624-9ECE-3C977882D0AA}.Debug|Any CPU.ActiveCfg = Debug|Any CPU
		{96324F2F-A7C8-4624-9ECE-3C977882D0AA}.Debug|Any CPU.Build.0 = Debug|Any CPU
		{96324F2F-A7C8-4624-9ECE-3C977882D0AA}.Release|Any CPU.ActiveCfg = Release|Any CPU
		{96324F2F-A7C8-4624-9ECE-3C977882D0AA}.Release|Any CPU.Build.0 = Release|Any CPU
		{3E48337A-8704-4D12-B980-8C98738647B0}.Debug|Any CPU.ActiveCfg = Debug|Any CPU
		{3E48337A-8704-4D12-B980-8C98738647B0}.Debug|Any CPU.Build.0 = Debug|Any CPU
		{3E48337A-8704-4D12-B980-8C98738647B0}.Release|Any CPU.ActiveCfg = Release|Any CPU
		{3E48337A-8704-4D12-B980-8C98738647B0}.Release|Any CPU.Build.0 = Release|Any CPU
		{0FCF0FCA-325F-48D2-B6D4-39F92E0425E2}.Debug|Any CPU.ActiveCfg = Debug|Any CPU
		{0FCF0FCA-325F-48D2-B6D4-39F92E0425E2}.Debug|Any CPU.Build.0 = Debug|Any CPU
		{0FCF0FCA-325F-48D2-B6D4-39F92E0425E2}.Release|Any CPU.ActiveCfg = Release|Any CPU
		{0FCF0FCA-325F-48D2-B6D4-39F92E0425E2}.Release|Any CPU.Build.0 = Release|Any CPU
		{9A3EE296-6826-4800-A7E5-E9BC06587561}.Debug|Any CPU.ActiveCfg = Debug|Any CPU
		{9A3EE296-6826-4800-A7E5-E9BC06587561}.Debug|Any CPU.Build.0 = Debug|Any CPU
		{9A3EE296-6826-4800-A7E5-E9BC06587561}.Release|Any CPU.ActiveCfg = Release|Any CPU
		{9A3EE296-6826-4800-A7E5-E9BC06587561}.Release|Any CPU.Build.0 = Release|Any CPU
		{34D1F6F4-8119-4A8C-846A-80ABE0109F21}.Debug|Any CPU.ActiveCfg = Debug|Any CPU
		{34D1F6F4-8119-4A8C-846A-80ABE0109F21}.Debug|Any CPU.Build.0 = Debug|Any CPU
		{34D1F6F4-8119-4A8C-846A-80ABE0109F21}.Release|Any CPU.ActiveCfg = Release|Any CPU
		{34D1F6F4-8119-4A8C-846A-80ABE0109F21}.Release|Any CPU.Build.0 = Release|Any CPU
		{46AF4F1B-EF9C-40FA-AA77-745D9E721B39}.Debug|Any CPU.ActiveCfg = Debug|Any CPU
		{46AF4F1B-EF9C-40FA-AA77-745D9E721B39}.Debug|Any CPU.Build.0 = Debug|Any CPU
		{46AF4F1B-EF9C-40FA-AA77-745D9E721B39}.Release|Any CPU.ActiveCfg = Release|Any CPU
		{46AF4F1B-EF9C-40FA-AA77-745D9E721B39}.Release|Any CPU.Build.0 = Release|Any CPU
	EndGlobalSection
	GlobalSection(SolutionProperties) = preSolution
		HideSolutionNode = FALSE
	EndGlobalSection
	GlobalSection(NestedProjects) = preSolution
		{48E225D7-071E-491E-B9C0-319404E3C532} = {B82412F3-1064-4B78-9BAB-7C121650918F}
		{0F8C4CEA-039C-44AA-9F47-AFEE88D3CC9C} = {B82412F3-1064-4B78-9BAB-7C121650918F}
		{3C6F0373-D22D-4B35-9846-C5836FB0B9A4} = {B82412F3-1064-4B78-9BAB-7C121650918F}
		{6A3E58F4-CC02-4DBE-A736-12CBA87D6A20} = {804B7AFA-8699-46E1-BE40-DEF09CBAAB45}
		{7E339996-71EC-4061-946C-493E8B7F8637} = {804B7AFA-8699-46E1-BE40-DEF09CBAAB45}
		{96AAA8E5-1459-489B-839C-547B84F82D10} = {804B7AFA-8699-46E1-BE40-DEF09CBAAB45}
		{9A2E0448-9D47-42CA-A86C-9AF888C31D22} = {E7B7E35D-B2BD-4439-B2E6-80DCF551A9EC}
		{4C8EFD66-6D7E-4939-B6A8-5FD9B78344A6} = {E7B7E35D-B2BD-4439-B2E6-80DCF551A9EC}
		{28A1059D-B35E-419E-9982-AADFBD1CBC9F} = {E7B7E35D-B2BD-4439-B2E6-80DCF551A9EC}
		{89B18F9E-8699-4413-8DEC-F2305D527A5B} = {DCA03CE2-A128-405E-B432-097E0CD3025C}
		{E835C7AA-38DF-4C5A-B7E9-91C11B38A895} = {DCA03CE2-A128-405E-B432-097E0CD3025C}
		{398C7877-428F-4541-B274-ACEBE845DEA6} = {DCA03CE2-A128-405E-B432-097E0CD3025C}
		{04EBE761-855C-4977-887C-A380D9A6293A} = {5A888BF3-4ED8-484A-915D-0E6EFE762F17}
		{12EA7548-5060-431D-B8D0-EDB8C98B4B13} = {5A888BF3-4ED8-484A-915D-0E6EFE762F17}
		{439756A7-EFA3-4467-8F4B-FBFEA4E05DCD} = {5A888BF3-4ED8-484A-915D-0E6EFE762F17}
		{59E72D77-4235-4381-85BF-362303D23059} = {356FF1BE-E40C-4658-ACF5-06F4287D4444}
		{1E17251A-CD0B-4E99-A2C4-054A45838021} = {356FF1BE-E40C-4658-ACF5-06F4287D4444}
		{FFB07D08-8A55-4469-9F78-591A86C2073E} = {356FF1BE-E40C-4658-ACF5-06F4287D4444}
		{96324F2F-A7C8-4624-9ECE-3C977882D0AA} = {88BD4EAD-FE53-4008-892E-3F228C59D9DE}
		{3E48337A-8704-4D12-B980-8C98738647B0} = {88BD4EAD-FE53-4008-892E-3F228C59D9DE}
		{0FCF0FCA-325F-48D2-B6D4-39F92E0425E2} = {88BD4EAD-FE53-4008-892E-3F228C59D9DE}
		{9A3EE296-6826-4800-A7E5-E9BC06587561} = {AB6AE44D-EFFA-4CDA-9EA1-622DC7E92099}
		{34D1F6F4-8119-4A8C-846A-80ABE0109F21} = {AB6AE44D-EFFA-4CDA-9EA1-622DC7E92099}
		{46AF4F1B-EF9C-40FA-AA77-745D9E721B39} = {AB6AE44D-EFFA-4CDA-9EA1-622DC7E92099}
	EndGlobalSection
	GlobalSection(ExtensibilityGlobals) = postSolution
		SolutionGuid = {EF474228-3AC8-441C-8E23-93632C80C5E6}
	EndGlobalSection
EndGlobal
